// !$*UTF8*$!
{
	archiveVersion = 1;
	classes = {
	};
	objectVersion = 46;
	objects = {

/* Begin PBXBuildFile section */
		989EE7611889E5F900B0B3A3 /* Foundation.framework in Frameworks */ = {isa = PBXBuildFile; fileRef = 989EE7601889E5F900B0B3A3 /* Foundation.framework */; };
		989EE7661889E5F900B0B3A3 /* RIStopWatch.h in CopyFiles */ = {isa = PBXBuildFile; fileRef = 989EE7651889E5F900B0B3A3 /* RIStopWatch.h */; };
		989EE7681889E5F900B0B3A3 /* RIStopWatch.m in Sources */ = {isa = PBXBuildFile; fileRef = 989EE7671889E5F900B0B3A3 /* RIStopWatch.m */; };
		989EE76F1889E5F900B0B3A3 /* XCTest.framework in Frameworks */ = {isa = PBXBuildFile; fileRef = 989EE76E1889E5F900B0B3A3 /* XCTest.framework */; };
		989EE7701889E5F900B0B3A3 /* Foundation.framework in Frameworks */ = {isa = PBXBuildFile; fileRef = 989EE7601889E5F900B0B3A3 /* Foundation.framework */; };
		989EE7721889E5F900B0B3A3 /* UIKit.framework in Frameworks */ = {isa = PBXBuildFile; fileRef = 989EE7711889E5F900B0B3A3 /* UIKit.framework */; };
		989EE7751889E5F900B0B3A3 /* libRIStopWatch.a in Frameworks */ = {isa = PBXBuildFile; fileRef = 989EE75D1889E5F900B0B3A3 /* libRIStopWatch.a */; };
		989EE77B1889E5F900B0B3A3 /* InfoPlist.strings in Resources */ = {isa = PBXBuildFile; fileRef = 989EE7791889E5F900B0B3A3 /* InfoPlist.strings */; };
		989EE77D1889E5F900B0B3A3 /* RIStopWatchTests.m in Sources */ = {isa = PBXBuildFile; fileRef = 989EE77C1889E5F900B0B3A3 /* RIStopWatchTests.m */; };
		989EE7B11889E64200B0B3A3 /* libExpecta-ios-universal.a in Frameworks */ = {isa = PBXBuildFile; fileRef = 989EE7AB1889E64200B0B3A3 /* libExpecta-ios-universal.a */; };
		989EE7B31889E64200B0B3A3 /* LICENSE in Resources */ = {isa = PBXBuildFile; fileRef = 989EE7AD1889E64200B0B3A3 /* LICENSE */; };
		989EE7B41889E64200B0B3A3 /* README.md in Resources */ = {isa = PBXBuildFile; fileRef = 989EE7B01889E64200B0B3A3 /* README.md */; };
		989EE7BC1889E8C200B0B3A3 /* OCHamcrestIOS.framework in Frameworks */ = {isa = PBXBuildFile; fileRef = 989EE7BA1889E8C200B0B3A3 /* OCHamcrestIOS.framework */; };
		989EE7BD1889E8C200B0B3A3 /* OCMockitoIOS.framework in Frameworks */ = {isa = PBXBuildFile; fileRef = 989EE7BB1889E8C200B0B3A3 /* OCMockitoIOS.framework */; };
/* End PBXBuildFile section */

/* Begin PBXContainerItemProxy section */
		989EE7731889E5F900B0B3A3 /* PBXContainerItemProxy */ = {
			isa = PBXContainerItemProxy;
			containerPortal = 989EE7551889E5F900B0B3A3 /* Project object */;
			proxyType = 1;
			remoteGlobalIDString = 989EE75C1889E5F900B0B3A3;
			remoteInfo = RIStopWatch;
		};
/* End PBXContainerItemProxy section */

/* Begin PBXCopyFilesBuildPhase section */
		989EE75B1889E5F900B0B3A3 /* CopyFiles */ = {
			isa = PBXCopyFilesBuildPhase;
			buildActionMask = 2147483647;
			dstPath = "include/$(PRODUCT_NAME)";
			dstSubfolderSpec = 16;
			files = (
				989EE7661889E5F900B0B3A3 /* RIStopWatch.h in CopyFiles */,
			);
			runOnlyForDeploymentPostprocessing = 0;
		};
/* End PBXCopyFilesBuildPhase section */

/* Begin PBXFileReference section */
		989EE75D1889E5F900B0B3A3 /* libRIStopWatch.a */ = {isa = PBXFileReference; explicitFileType = archive.ar; includeInIndex = 0; path = libRIStopWatch.a; sourceTree = BUILT_PRODUCTS_DIR; };
		989EE7601889E5F900B0B3A3 /* Foundation.framework */ = {isa = PBXFileReference; lastKnownFileType = wrapper.framework; name = Foundation.framework; path = System/Library/Frameworks/Foundation.framework; sourceTree = SDKROOT; };
		989EE7641889E5F900B0B3A3 /* RIStopWatch-Prefix.pch */ = {isa = PBXFileReference; lastKnownFileType = sourcecode.c.h; path = "RIStopWatch-Prefix.pch"; sourceTree = "<group>"; };
		989EE7651889E5F900B0B3A3 /* RIStopWatch.h */ = {isa = PBXFileReference; lastKnownFileType = sourcecode.c.h; path = RIStopWatch.h; sourceTree = "<group>"; };
		989EE7671889E5F900B0B3A3 /* RIStopWatch.m */ = {isa = PBXFileReference; lastKnownFileType = sourcecode.c.objc; path = RIStopWatch.m; sourceTree = "<group>"; };
		989EE76D1889E5F900B0B3A3 /* RIStopWatchTests.xctest */ = {isa = PBXFileReference; explicitFileType = wrapper.cfbundle; includeInIndex = 0; path = RIStopWatchTests.xctest; sourceTree = BUILT_PRODUCTS_DIR; };
		989EE76E1889E5F900B0B3A3 /* XCTest.framework */ = {isa = PBXFileReference; lastKnownFileType = wrapper.framework; name = XCTest.framework; path = Library/Frameworks/XCTest.framework; sourceTree = DEVELOPER_DIR; };
		989EE7711889E5F900B0B3A3 /* UIKit.framework */ = {isa = PBXFileReference; lastKnownFileType = wrapper.framework; name = UIKit.framework; path = Library/Frameworks/UIKit.framework; sourceTree = DEVELOPER_DIR; };
		989EE7781889E5F900B0B3A3 /* RIStopWatchTests-Info.plist */ = {isa = PBXFileReference; lastKnownFileType = text.plist.xml; path = "RIStopWatchTests-Info.plist"; sourceTree = "<group>"; };
		989EE77A1889E5F900B0B3A3 /* en */ = {isa = PBXFileReference; lastKnownFileType = text.plist.strings; name = en; path = en.lproj/InfoPlist.strings; sourceTree = "<group>"; };
		989EE77C1889E5F900B0B3A3 /* RIStopWatchTests.m */ = {isa = PBXFileReference; lastKnownFileType = sourcecode.c.objc; path = RIStopWatchTests.m; sourceTree = "<group>"; };
		989EE7871889E64200B0B3A3 /* EXPBackwardCompatibility.h */ = {isa = PBXFileReference; fileEncoding = 4; lastKnownFileType = sourcecode.c.h; path = EXPBackwardCompatibility.h; sourceTree = "<group>"; };
		989EE7881889E64200B0B3A3 /* EXPBlockDefinedMatcher.h */ = {isa = PBXFileReference; fileEncoding = 4; lastKnownFileType = sourcecode.c.h; path = EXPBlockDefinedMatcher.h; sourceTree = "<group>"; };
		989EE7891889E64200B0B3A3 /* EXPDefines.h */ = {isa = PBXFileReference; fileEncoding = 4; lastKnownFileType = sourcecode.c.h; path = EXPDefines.h; sourceTree = "<group>"; };
		989EE78A1889E64200B0B3A3 /* EXPDoubleTuple.h */ = {isa = PBXFileReference; fileEncoding = 4; lastKnownFileType = sourcecode.c.h; path = EXPDoubleTuple.h; sourceTree = "<group>"; };
		989EE78B1889E64200B0B3A3 /* Expecta.h */ = {isa = PBXFileReference; fileEncoding = 4; lastKnownFileType = sourcecode.c.h; path = Expecta.h; sourceTree = "<group>"; };
		989EE78C1889E64200B0B3A3 /* ExpectaSupport.h */ = {isa = PBXFileReference; fileEncoding = 4; lastKnownFileType = sourcecode.c.h; path = ExpectaSupport.h; sourceTree = "<group>"; };
		989EE78D1889E64200B0B3A3 /* EXPExpect.h */ = {isa = PBXFileReference; fileEncoding = 4; lastKnownFileType = sourcecode.c.h; path = EXPExpect.h; sourceTree = "<group>"; };
		989EE78E1889E64200B0B3A3 /* EXPFloatTuple.h */ = {isa = PBXFileReference; fileEncoding = 4; lastKnownFileType = sourcecode.c.h; path = EXPFloatTuple.h; sourceTree = "<group>"; };
		989EE78F1889E64200B0B3A3 /* EXPMatcher.h */ = {isa = PBXFileReference; fileEncoding = 4; lastKnownFileType = sourcecode.c.h; path = EXPMatcher.h; sourceTree = "<group>"; };
		989EE7901889E64200B0B3A3 /* EXPMatcherHelpers.h */ = {isa = PBXFileReference; fileEncoding = 4; lastKnownFileType = sourcecode.c.h; path = EXPMatcherHelpers.h; sourceTree = "<group>"; };
		989EE7911889E64200B0B3A3 /* EXPMatchers.h */ = {isa = PBXFileReference; fileEncoding = 4; lastKnownFileType = sourcecode.c.h; path = EXPMatchers.h; sourceTree = "<group>"; };
		989EE7921889E64200B0B3A3 /* EXPMatchers+beCloseTo.h */ = {isa = PBXFileReference; fileEncoding = 4; lastKnownFileType = sourcecode.c.h; path = "EXPMatchers+beCloseTo.h"; sourceTree = "<group>"; };
		989EE7931889E64200B0B3A3 /* EXPMatchers+beFalsy.h */ = {isa = PBXFileReference; fileEncoding = 4; lastKnownFileType = sourcecode.c.h; path = "EXPMatchers+beFalsy.h"; sourceTree = "<group>"; };
		989EE7941889E64200B0B3A3 /* EXPMatchers+beginWith.h */ = {isa = PBXFileReference; fileEncoding = 4; lastKnownFileType = sourcecode.c.h; path = "EXPMatchers+beginWith.h"; sourceTree = "<group>"; };
		989EE7951889E64200B0B3A3 /* EXPMatchers+beGreaterThan.h */ = {isa = PBXFileReference; fileEncoding = 4; lastKnownFileType = sourcecode.c.h; path = "EXPMatchers+beGreaterThan.h"; sourceTree = "<group>"; };
		989EE7961889E64200B0B3A3 /* EXPMatchers+beGreaterThanOrEqualTo.h */ = {isa = PBXFileReference; fileEncoding = 4; lastKnownFileType = sourcecode.c.h; path = "EXPMatchers+beGreaterThanOrEqualTo.h"; sourceTree = "<group>"; };
		989EE7971889E64200B0B3A3 /* EXPMatchers+beIdenticalTo.h */ = {isa = PBXFileReference; fileEncoding = 4; lastKnownFileType = sourcecode.c.h; path = "EXPMatchers+beIdenticalTo.h"; sourceTree = "<group>"; };
		989EE7981889E64200B0B3A3 /* EXPMatchers+beInstanceOf.h */ = {isa = PBXFileReference; fileEncoding = 4; lastKnownFileType = sourcecode.c.h; path = "EXPMatchers+beInstanceOf.h"; sourceTree = "<group>"; };
		989EE7991889E64200B0B3A3 /* EXPMatchers+beInTheRangeOf.h */ = {isa = PBXFileReference; fileEncoding = 4; lastKnownFileType = sourcecode.c.h; path = "EXPMatchers+beInTheRangeOf.h"; sourceTree = "<group>"; };
		989EE79A1889E64200B0B3A3 /* EXPMatchers+beKindOf.h */ = {isa = PBXFileReference; fileEncoding = 4; lastKnownFileType = sourcecode.c.h; path = "EXPMatchers+beKindOf.h"; sourceTree = "<group>"; };
		989EE79B1889E64200B0B3A3 /* EXPMatchers+beLessThan.h */ = {isa = PBXFileReference; fileEncoding = 4; lastKnownFileType = sourcecode.c.h; path = "EXPMatchers+beLessThan.h"; sourceTree = "<group>"; };
		989EE79C1889E64200B0B3A3 /* EXPMatchers+beLessThanOrEqualTo.h */ = {isa = PBXFileReference; fileEncoding = 4; lastKnownFileType = sourcecode.c.h; path = "EXPMatchers+beLessThanOrEqualTo.h"; sourceTree = "<group>"; };
		989EE79D1889E64200B0B3A3 /* EXPMatchers+beNil.h */ = {isa = PBXFileReference; fileEncoding = 4; lastKnownFileType = sourcecode.c.h; path = "EXPMatchers+beNil.h"; sourceTree = "<group>"; };
		989EE79E1889E64200B0B3A3 /* EXPMatchers+beSubclassOf.h */ = {isa = PBXFileReference; fileEncoding = 4; lastKnownFileType = sourcecode.c.h; path = "EXPMatchers+beSubclassOf.h"; sourceTree = "<group>"; };
		989EE79F1889E64200B0B3A3 /* EXPMatchers+beSupersetOf.h */ = {isa = PBXFileReference; fileEncoding = 4; lastKnownFileType = sourcecode.c.h; path = "EXPMatchers+beSupersetOf.h"; sourceTree = "<group>"; };
		989EE7A01889E64200B0B3A3 /* EXPMatchers+beTruthy.h */ = {isa = PBXFileReference; fileEncoding = 4; lastKnownFileType = sourcecode.c.h; path = "EXPMatchers+beTruthy.h"; sourceTree = "<group>"; };
		989EE7A11889E64200B0B3A3 /* EXPMatchers+conformTo.h */ = {isa = PBXFileReference; fileEncoding = 4; lastKnownFileType = sourcecode.c.h; path = "EXPMatchers+conformTo.h"; sourceTree = "<group>"; };
		989EE7A21889E64200B0B3A3 /* EXPMatchers+contain.h */ = {isa = PBXFileReference; fileEncoding = 4; lastKnownFileType = sourcecode.c.h; path = "EXPMatchers+contain.h"; sourceTree = "<group>"; };
		989EE7A31889E64200B0B3A3 /* EXPMatchers+endWith.h */ = {isa = PBXFileReference; fileEncoding = 4; lastKnownFileType = sourcecode.c.h; path = "EXPMatchers+endWith.h"; sourceTree = "<group>"; };
		989EE7A41889E64200B0B3A3 /* EXPMatchers+equal.h */ = {isa = PBXFileReference; fileEncoding = 4; lastKnownFileType = sourcecode.c.h; path = "EXPMatchers+equal.h"; sourceTree = "<group>"; };
		989EE7A51889E64200B0B3A3 /* EXPMatchers+haveCountOf.h */ = {isa = PBXFileReference; fileEncoding = 4; lastKnownFileType = sourcecode.c.h; path = "EXPMatchers+haveCountOf.h"; sourceTree = "<group>"; };
		989EE7A61889E64200B0B3A3 /* EXPMatchers+notify.h */ = {isa = PBXFileReference; fileEncoding = 4; lastKnownFileType = sourcecode.c.h; path = "EXPMatchers+notify.h"; sourceTree = "<group>"; };
		989EE7A71889E64200B0B3A3 /* EXPMatchers+raise.h */ = {isa = PBXFileReference; fileEncoding = 4; lastKnownFileType = sourcecode.c.h; path = "EXPMatchers+raise.h"; sourceTree = "<group>"; };
		989EE7A81889E64200B0B3A3 /* EXPMatchers+raiseWithReason.h */ = {isa = PBXFileReference; fileEncoding = 4; lastKnownFileType = sourcecode.c.h; path = "EXPMatchers+raiseWithReason.h"; sourceTree = "<group>"; };
		989EE7A91889E64200B0B3A3 /* EXPMatchers+respondTo.h */ = {isa = PBXFileReference; fileEncoding = 4; lastKnownFileType = sourcecode.c.h; path = "EXPMatchers+respondTo.h"; sourceTree = "<group>"; };
		989EE7AA1889E64200B0B3A3 /* EXPUnsupportedObject.h */ = {isa = PBXFileReference; fileEncoding = 4; lastKnownFileType = sourcecode.c.h; path = EXPUnsupportedObject.h; sourceTree = "<group>"; };
		989EE7AB1889E64200B0B3A3 /* libExpecta-ios-universal.a */ = {isa = PBXFileReference; lastKnownFileType = archive.ar; path = "libExpecta-ios-universal.a"; sourceTree = "<group>"; };
		989EE7AC1889E64200B0B3A3 /* libExpecta-macosx.a */ = {isa = PBXFileReference; lastKnownFileType = archive.ar; path = "libExpecta-macosx.a"; sourceTree = "<group>"; };
		989EE7AD1889E64200B0B3A3 /* LICENSE */ = {isa = PBXFileReference; fileEncoding = 4; lastKnownFileType = text; path = LICENSE; sourceTree = "<group>"; };
		989EE7AE1889E64200B0B3A3 /* NSObject+Expecta.h */ = {isa = PBXFileReference; fileEncoding = 4; lastKnownFileType = sourcecode.c.h; path = "NSObject+Expecta.h"; sourceTree = "<group>"; };
		989EE7AF1889E64200B0B3A3 /* NSValue+Expecta.h */ = {isa = PBXFileReference; fileEncoding = 4; lastKnownFileType = sourcecode.c.h; path = "NSValue+Expecta.h"; sourceTree = "<group>"; };
		989EE7B01889E64200B0B3A3 /* README.md */ = {isa = PBXFileReference; fileEncoding = 4; lastKnownFileType = text; path = README.md; sourceTree = "<group>"; };
		989EE7BA1889E8C200B0B3A3 /* OCHamcrestIOS.framework */ = {isa = PBXFileReference; lastKnownFileType = wrapper.framework; name = OCHamcrestIOS.framework; path = "../nike-music-engine/NMEPrototype/NMEPrototypeTests/Frameworks/OCHamcrestIOS.framework"; sourceTree = "<group>"; };
		989EE7BB1889E8C200B0B3A3 /* OCMockitoIOS.framework */ = {isa = PBXFileReference; lastKnownFileType = wrapper.framework; name = OCMockitoIOS.framework; path = "../nike-music-engine/NMEPrototype/NMEPrototypeTests/Frameworks/OCMockitoIOS.framework"; sourceTree = "<group>"; };
/* End PBXFileReference section */

/* Begin PBXFrameworksBuildPhase section */
		989EE75A1889E5F900B0B3A3 /* Frameworks */ = {
			isa = PBXFrameworksBuildPhase;
			buildActionMask = 2147483647;
			files = (
				989EE7611889E5F900B0B3A3 /* Foundation.framework in Frameworks */,
			);
			runOnlyForDeploymentPostprocessing = 0;
		};
		989EE76A1889E5F900B0B3A3 /* Frameworks */ = {
			isa = PBXFrameworksBuildPhase;
			buildActionMask = 2147483647;
			files = (
				989EE7BC1889E8C200B0B3A3 /* OCHamcrestIOS.framework in Frameworks */,
				989EE7BD1889E8C200B0B3A3 /* OCMockitoIOS.framework in Frameworks */,
				989EE7B11889E64200B0B3A3 /* libExpecta-ios-universal.a in Frameworks */,
				989EE76F1889E5F900B0B3A3 /* XCTest.framework in Frameworks */,
				989EE7721889E5F900B0B3A3 /* UIKit.framework in Frameworks */,
				989EE7751889E5F900B0B3A3 /* libRIStopWatch.a in Frameworks */,
				989EE7701889E5F900B0B3A3 /* Foundation.framework in Frameworks */,
			);
			runOnlyForDeploymentPostprocessing = 0;
		};
/* End PBXFrameworksBuildPhase section */

/* Begin PBXGroup section */
		989EE7541889E5F900B0B3A3 = {
			isa = PBXGroup;
			children = (
				989EE7621889E5F900B0B3A3 /* RIStopWatch */,
				989EE7761889E5F900B0B3A3 /* RIStopWatchTests */,
				989EE75F1889E5F900B0B3A3 /* Frameworks */,
				989EE75E1889E5F900B0B3A3 /* Products */,
			);
			sourceTree = "<group>";
		};
		989EE75E1889E5F900B0B3A3 /* Products */ = {
			isa = PBXGroup;
			children = (
				989EE75D1889E5F900B0B3A3 /* libRIStopWatch.a */,
				989EE76D1889E5F900B0B3A3 /* RIStopWatchTests.xctest */,
			);
			name = Products;
			sourceTree = "<group>";
		};
		989EE75F1889E5F900B0B3A3 /* Frameworks */ = {
			isa = PBXGroup;
			children = (
				989EE7BA1889E8C200B0B3A3 /* OCHamcrestIOS.framework */,
				989EE7BB1889E8C200B0B3A3 /* OCMockitoIOS.framework */,
				989EE7601889E5F900B0B3A3 /* Foundation.framework */,
				989EE76E1889E5F900B0B3A3 /* XCTest.framework */,
				989EE7711889E5F900B0B3A3 /* UIKit.framework */,
			);
			name = Frameworks;
			sourceTree = "<group>";
		};
		989EE7621889E5F900B0B3A3 /* RIStopWatch */ = {
			isa = PBXGroup;
			children = (
				989EE7651889E5F900B0B3A3 /* RIStopWatch.h */,
				989EE7671889E5F900B0B3A3 /* RIStopWatch.m */,
				989EE7631889E5F900B0B3A3 /* Supporting Files */,
			);
			path = RIStopWatch;
			sourceTree = "<group>";
		};
		989EE7631889E5F900B0B3A3 /* Supporting Files */ = {
			isa = PBXGroup;
			children = (
				989EE7641889E5F900B0B3A3 /* RIStopWatch-Prefix.pch */,
			);
			name = "Supporting Files";
			sourceTree = "<group>";
		};
		989EE7761889E5F900B0B3A3 /* RIStopWatchTests */ = {
			isa = PBXGroup;
			children = (
				989EE7861889E61D00B0B3A3 /* Libraries */,
				989EE77C1889E5F900B0B3A3 /* RIStopWatchTests.m */,
				989EE7771889E5F900B0B3A3 /* Supporting Files */,
			);
			path = RIStopWatchTests;
			sourceTree = "<group>";
		};
		989EE7771889E5F900B0B3A3 /* Supporting Files */ = {
			isa = PBXGroup;
			children = (
				989EE7781889E5F900B0B3A3 /* RIStopWatchTests-Info.plist */,
				989EE7791889E5F900B0B3A3 /* InfoPlist.strings */,
			);
			name = "Supporting Files";
			sourceTree = "<group>";
		};
		989EE7861889E61D00B0B3A3 /* Libraries */ = {
			isa = PBXGroup;
			children = (
				989EE7871889E64200B0B3A3 /* EXPBackwardCompatibility.h */,
				989EE7881889E64200B0B3A3 /* EXPBlockDefinedMatcher.h */,
				989EE7891889E64200B0B3A3 /* EXPDefines.h */,
				989EE78A1889E64200B0B3A3 /* EXPDoubleTuple.h */,
				989EE78B1889E64200B0B3A3 /* Expecta.h */,
				989EE78C1889E64200B0B3A3 /* ExpectaSupport.h */,
				989EE78D1889E64200B0B3A3 /* EXPExpect.h */,
				989EE78E1889E64200B0B3A3 /* EXPFloatTuple.h */,
				989EE78F1889E64200B0B3A3 /* EXPMatcher.h */,
				989EE7901889E64200B0B3A3 /* EXPMatcherHelpers.h */,
				989EE7911889E64200B0B3A3 /* EXPMatchers.h */,
				989EE7921889E64200B0B3A3 /* EXPMatchers+beCloseTo.h */,
				989EE7931889E64200B0B3A3 /* EXPMatchers+beFalsy.h */,
				989EE7941889E64200B0B3A3 /* EXPMatchers+beginWith.h */,
				989EE7951889E64200B0B3A3 /* EXPMatchers+beGreaterThan.h */,
				989EE7961889E64200B0B3A3 /* EXPMatchers+beGreaterThanOrEqualTo.h */,
				989EE7971889E64200B0B3A3 /* EXPMatchers+beIdenticalTo.h */,
				989EE7981889E64200B0B3A3 /* EXPMatchers+beInstanceOf.h */,
				989EE7991889E64200B0B3A3 /* EXPMatchers+beInTheRangeOf.h */,
				989EE79A1889E64200B0B3A3 /* EXPMatchers+beKindOf.h */,
				989EE79B1889E64200B0B3A3 /* EXPMatchers+beLessThan.h */,
				989EE79C1889E64200B0B3A3 /* EXPMatchers+beLessThanOrEqualTo.h */,
				989EE79D1889E64200B0B3A3 /* EXPMatchers+beNil.h */,
				989EE79E1889E64200B0B3A3 /* EXPMatchers+beSubclassOf.h */,
				989EE79F1889E64200B0B3A3 /* EXPMatchers+beSupersetOf.h */,
				989EE7A01889E64200B0B3A3 /* EXPMatchers+beTruthy.h */,
				989EE7A11889E64200B0B3A3 /* EXPMatchers+conformTo.h */,
				989EE7A21889E64200B0B3A3 /* EXPMatchers+contain.h */,
				989EE7A31889E64200B0B3A3 /* EXPMatchers+endWith.h */,
				989EE7A41889E64200B0B3A3 /* EXPMatchers+equal.h */,
				989EE7A51889E64200B0B3A3 /* EXPMatchers+haveCountOf.h */,
				989EE7A61889E64200B0B3A3 /* EXPMatchers+notify.h */,
				989EE7A71889E64200B0B3A3 /* EXPMatchers+raise.h */,
				989EE7A81889E64200B0B3A3 /* EXPMatchers+raiseWithReason.h */,
				989EE7A91889E64200B0B3A3 /* EXPMatchers+respondTo.h */,
				989EE7AA1889E64200B0B3A3 /* EXPUnsupportedObject.h */,
				989EE7AB1889E64200B0B3A3 /* libExpecta-ios-universal.a */,
				989EE7AC1889E64200B0B3A3 /* libExpecta-macosx.a */,
				989EE7AD1889E64200B0B3A3 /* LICENSE */,
				989EE7AE1889E64200B0B3A3 /* NSObject+Expecta.h */,
				989EE7AF1889E64200B0B3A3 /* NSValue+Expecta.h */,
				989EE7B01889E64200B0B3A3 /* README.md */,
			);
			name = Libraries;
			sourceTree = "<group>";
		};
/* End PBXGroup section */

/* Begin PBXNativeTarget section */
		989EE75C1889E5F900B0B3A3 /* RIStopWatch */ = {
			isa = PBXNativeTarget;
			buildConfigurationList = 989EE7801889E5F900B0B3A3 /* Build configuration list for PBXNativeTarget "RIStopWatch" */;
			buildPhases = (
				989EE7591889E5F900B0B3A3 /* Sources */,
				989EE75A1889E5F900B0B3A3 /* Frameworks */,
				989EE75B1889E5F900B0B3A3 /* CopyFiles */,
			);
			buildRules = (
			);
			dependencies = (
			);
			name = RIStopWatch;
			productName = RIStopWatch;
			productReference = 989EE75D1889E5F900B0B3A3 /* libRIStopWatch.a */;
			productType = "com.apple.product-type.library.static";
		};
		989EE76C1889E5F900B0B3A3 /* RIStopWatchTests */ = {
			isa = PBXNativeTarget;
			buildConfigurationList = 989EE7831889E5F900B0B3A3 /* Build configuration list for PBXNativeTarget "RIStopWatchTests" */;
			buildPhases = (
				989EE7691889E5F900B0B3A3 /* Sources */,
				989EE76A1889E5F900B0B3A3 /* Frameworks */,
				989EE76B1889E5F900B0B3A3 /* Resources */,
			);
			buildRules = (
			);
			dependencies = (
				989EE7741889E5F900B0B3A3 /* PBXTargetDependency */,
			);
			name = RIStopWatchTests;
			productName = RIStopWatchTests;
			productReference = 989EE76D1889E5F900B0B3A3 /* RIStopWatchTests.xctest */;
			productType = "com.apple.product-type.bundle.unit-test";
		};
/* End PBXNativeTarget section */

/* Begin PBXProject section */
		989EE7551889E5F900B0B3A3 /* Project object */ = {
			isa = PBXProject;
			attributes = {
				LastUpgradeCheck = 0500;
				ORGANIZATIONNAME = Resource;
			};
			buildConfigurationList = 989EE7581889E5F900B0B3A3 /* Build configuration list for PBXProject "RIStopWatch" */;
			compatibilityVersion = "Xcode 3.2";
			developmentRegion = English;
			hasScannedForEncodings = 0;
			knownRegions = (
				en,
			);
			mainGroup = 989EE7541889E5F900B0B3A3;
			productRefGroup = 989EE75E1889E5F900B0B3A3 /* Products */;
			projectDirPath = "";
			projectRoot = "";
			targets = (
				989EE75C1889E5F900B0B3A3 /* RIStopWatch */,
				989EE76C1889E5F900B0B3A3 /* RIStopWatchTests */,
			);
		};
/* End PBXProject section */

/* Begin PBXResourcesBuildPhase section */
		989EE76B1889E5F900B0B3A3 /* Resources */ = {
			isa = PBXResourcesBuildPhase;
			buildActionMask = 2147483647;
			files = (
				989EE7B41889E64200B0B3A3 /* README.md in Resources */,
				989EE7B31889E64200B0B3A3 /* LICENSE in Resources */,
				989EE77B1889E5F900B0B3A3 /* InfoPlist.strings in Resources */,
			);
			runOnlyForDeploymentPostprocessing = 0;
		};
/* End PBXResourcesBuildPhase section */

/* Begin PBXSourcesBuildPhase section */
		989EE7591889E5F900B0B3A3 /* Sources */ = {
			isa = PBXSourcesBuildPhase;
			buildActionMask = 2147483647;
			files = (
				989EE7681889E5F900B0B3A3 /* RIStopWatch.m in Sources */,
			);
			runOnlyForDeploymentPostprocessing = 0;
		};
		989EE7691889E5F900B0B3A3 /* Sources */ = {
			isa = PBXSourcesBuildPhase;
			buildActionMask = 2147483647;
			files = (
				989EE77D1889E5F900B0B3A3 /* RIStopWatchTests.m in Sources */,
			);
			runOnlyForDeploymentPostprocessing = 0;
		};
/* End PBXSourcesBuildPhase section */

/* Begin PBXTargetDependency section */
		989EE7741889E5F900B0B3A3 /* PBXTargetDependency */ = {
			isa = PBXTargetDependency;
			target = 989EE75C1889E5F900B0B3A3 /* RIStopWatch */;
			targetProxy = 989EE7731889E5F900B0B3A3 /* PBXContainerItemProxy */;
		};
/* End PBXTargetDependency section */

/* Begin PBXVariantGroup section */
		989EE7791889E5F900B0B3A3 /* InfoPlist.strings */ = {
			isa = PBXVariantGroup;
			children = (
				989EE77A1889E5F900B0B3A3 /* en */,
			);
			name = InfoPlist.strings;
			sourceTree = "<group>";
		};
/* End PBXVariantGroup section */

/* Begin XCBuildConfiguration section */
		989EE77E1889E5F900B0B3A3 /* Debug */ = {
			isa = XCBuildConfiguration;
			buildSettings = {
				ALWAYS_SEARCH_USER_PATHS = NO;
				ARCHS = "$(ARCHS_STANDARD_INCLUDING_64_BIT)";
				CLANG_CXX_LANGUAGE_STANDARD = "gnu++0x";
				CLANG_CXX_LIBRARY = "libc++";
				CLANG_ENABLE_MODULES = YES;
				CLANG_ENABLE_OBJC_ARC = YES;
				CLANG_WARN_BOOL_CONVERSION = YES;
				CLANG_WARN_CONSTANT_CONVERSION = YES;
				CLANG_WARN_DIRECT_OBJC_ISA_USAGE = YES_ERROR;
				CLANG_WARN_EMPTY_BODY = YES;
				CLANG_WARN_ENUM_CONVERSION = YES;
				CLANG_WARN_INT_CONVERSION = YES;
				CLANG_WARN_OBJC_ROOT_CLASS = YES_ERROR;
				CLANG_WARN__DUPLICATE_METHOD_MATCH = YES;
				COPY_PHASE_STRIP = NO;
				GCC_C_LANGUAGE_STANDARD = gnu99;
				GCC_DYNAMIC_NO_PIC = NO;
				GCC_OPTIMIZATION_LEVEL = 0;
				GCC_PREPROCESSOR_DEFINITIONS = (
					"DEBUG=1",
					"$(inherited)",
				);
				GCC_SYMBOLS_PRIVATE_EXTERN = NO;
				GCC_WARN_64_TO_32_BIT_CONVERSION = YES;
				GCC_WARN_ABOUT_RETURN_TYPE = YES_ERROR;
				GCC_WARN_UNDECLARED_SELECTOR = YES;
				GCC_WARN_UNINITIALIZED_AUTOS = YES;
				GCC_WARN_UNUSED_FUNCTION = YES;
				GCC_WARN_UNUSED_VARIABLE = YES;
				IPHONEOS_DEPLOYMENT_TARGET = 7.0;
				ONLY_ACTIVE_ARCH = YES;
				SDKROOT = iphoneos;
			};
			name = Debug;
		};
		989EE77F1889E5F900B0B3A3 /* Release */ = {
			isa = XCBuildConfiguration;
			buildSettings = {
				ALWAYS_SEARCH_USER_PATHS = NO;
				ARCHS = "$(ARCHS_STANDARD_INCLUDING_64_BIT)";
				CLANG_CXX_LANGUAGE_STANDARD = "gnu++0x";
				CLANG_CXX_LIBRARY = "libc++";
				CLANG_ENABLE_MODULES = YES;
				CLANG_ENABLE_OBJC_ARC = YES;
				CLANG_WARN_BOOL_CONVERSION = YES;
				CLANG_WARN_CONSTANT_CONVERSION = YES;
				CLANG_WARN_DIRECT_OBJC_ISA_USAGE = YES_ERROR;
				CLANG_WARN_EMPTY_BODY = YES;
				CLANG_WARN_ENUM_CONVERSION = YES;
				CLANG_WARN_INT_CONVERSION = YES;
				CLANG_WARN_OBJC_ROOT_CLASS = YES_ERROR;
				CLANG_WARN__DUPLICATE_METHOD_MATCH = YES;
				COPY_PHASE_STRIP = YES;
				ENABLE_NS_ASSERTIONS = NO;
				GCC_C_LANGUAGE_STANDARD = gnu99;
				GCC_WARN_64_TO_32_BIT_CONVERSION = YES;
				GCC_WARN_ABOUT_RETURN_TYPE = YES_ERROR;
				GCC_WARN_UNDECLARED_SELECTOR = YES;
				GCC_WARN_UNINITIALIZED_AUTOS = YES;
				GCC_WARN_UNUSED_FUNCTION = YES;
				GCC_WARN_UNUSED_VARIABLE = YES;
				IPHONEOS_DEPLOYMENT_TARGET = 7.0;
				SDKROOT = iphoneos;
				VALIDATE_PRODUCT = YES;
			};
			name = Release;
		};
		989EE7811889E5F900B0B3A3 /* Debug */ = {
			isa = XCBuildConfiguration;
			buildSettings = {
				DSTROOT = /tmp/RIStopWatch.dst;
				GCC_PRECOMPILE_PREFIX_HEADER = YES;
				GCC_PREFIX_HEADER = "RIStopWatch/RIStopWatch-Prefix.pch";
				LIBRARY_SEARCH_PATHS = (
					"$(inherited)",
					/Users/kschultz/Git/RIStopWatch/RIStopWatchTests,
				);
				OTHER_LDFLAGS = "-ObjC";
				PRODUCT_NAME = "$(TARGET_NAME)";
				SKIP_INSTALL = YES;
			};
			name = Debug;
		};
		989EE7821889E5F900B0B3A3 /* Release */ = {
			isa = XCBuildConfiguration;
			buildSettings = {
				DSTROOT = /tmp/RIStopWatch.dst;
				GCC_PRECOMPILE_PREFIX_HEADER = YES;
				GCC_PREFIX_HEADER = "RIStopWatch/RIStopWatch-Prefix.pch";
				LIBRARY_SEARCH_PATHS = (
					"$(inherited)",
					/Users/kschultz/Git/RIStopWatch/RIStopWatchTests,
				);
				OTHER_LDFLAGS = "-ObjC";
				PRODUCT_NAME = "$(TARGET_NAME)";
				SKIP_INSTALL = YES;
			};
			name = Release;
		};
		989EE7841889E5F900B0B3A3 /* Debug */ = {
			isa = XCBuildConfiguration;
			buildSettings = {
				ARCHS = "$(ARCHS_STANDARD_INCLUDING_64_BIT)";
				FRAMEWORK_SEARCH_PATHS = (
					"$(SDKROOT)/Developer/Library/Frameworks",
					"$(inherited)",
					"$(DEVELOPER_FRAMEWORKS_DIR)",
					/Users/kschultz/Git/OCMockito/Frameworks,
					"/Users/kschultz/Git/nike-music-engine/NMEPrototype/NMEPrototypeTests/Frameworks",
				);
				GCC_PRECOMPILE_PREFIX_HEADER = YES;
				GCC_PREFIX_HEADER = "RIStopWatch/RIStopWatch-Prefix.pch";
				GCC_PREPROCESSOR_DEFINITIONS = (
					"DEBUG=1",
					"$(inherited)",
				);
				INFOPLIST_FILE = "RIStopWatchTests/RIStopWatchTests-Info.plist";
				LIBRARY_SEARCH_PATHS = (
					"$(inherited)",
					/Users/kschultz/Git/RIStopWatch/RIStopWatchTests,
				);
				OTHER_LDFLAGS = (
					"$(inherited)",
					"-framework",
					XCTest,
					"-ObjC",
				);
				PRODUCT_NAME = "$(TARGET_NAME)";
				WRAPPER_EXTENSION = xctest;
			};
			name = Debug;
		};
		989EE7851889E5F900B0B3A3 /* Release */ = {
			isa = XCBuildConfiguration;
			buildSettings = {
				ARCHS = "$(ARCHS_STANDARD_INCLUDING_64_BIT)";
				FRAMEWORK_SEARCH_PATHS = (
					"$(SDKROOT)/Developer/Library/Frameworks",
					"$(inherited)",
					"$(DEVELOPER_FRAMEWORKS_DIR)",
					/Users/kschultz/Git/OCMockito/Frameworks,
					"/Users/kschultz/Git/nike-music-engine/NMEPrototype/NMEPrototypeTests/Frameworks",
				);
				GCC_PRECOMPILE_PREFIX_HEADER = YES;
				GCC_PREFIX_HEADER = "RIStopWatch/RIStopWatch-Prefix.pch";
				INFOPLIST_FILE = "RIStopWatchTests/RIStopWatchTests-Info.plist";
				LIBRARY_SEARCH_PATHS = (
					"$(inherited)",
					/Users/kschultz/Git/RIStopWatch/RIStopWatchTests,
				);
				OTHER_LDFLAGS = (
					"$(inherited)",
					"-framework",
					XCTest,
					"-ObjC",
				);
				PRODUCT_NAME = "$(TARGET_NAME)";
				WRAPPER_EXTENSION = xctest;
			};
			name = Release;
		};
/* End XCBuildConfiguration section */

/* Begin XCConfigurationList section */
		989EE7581889E5F900B0B3A3 /* Build configuration list for PBXProject "RIStopWatch" */ = {
			isa = XCConfigurationList;
			buildConfigurations = (
				989EE77E1889E5F900B0B3A3 /* Debug */,
				989EE77F1889E5F900B0B3A3 /* Release */,
			);
			defaultConfigurationIsVisible = 0;
			defaultConfigurationName = Release;
		};
		989EE7801889E5F900B0B3A3 /* Build configuration list for PBXNativeTarget "RIStopWatch" */ = {
			isa = XCConfigurationList;
			buildConfigurations = (
				989EE7811889E5F900B0B3A3 /* Debug */,
				989EE7821889E5F900B0B3A3 /* Release */,
			);
			defaultConfigurationIsVisible = 0;
		};
		989EE7831889E5F900B0B3A3 /* Build configuration list for PBXNativeTarget "RIStopWatchTests" */ = {
			isa = XCConfigurationList;
			buildConfigurations = (
				989EE7841889E5F900B0B3A3 /* Debug */,
				989EE7851889E5F900B0B3A3 /* Release */,
			);
			defaultConfigurationIsVisible = 0;
		};
/* End XCConfigurationList section */
	};
	rootObject = 989EE7551889E5F900B0B3A3 /* Project object */;
}
